<?xml version="1.0" encoding="utf-8"?>
<Project ToolsVersion="17.0" xmlns="http://schemas.microsoft.com/developer/msbuild/2003">
  <ItemGroup>
    <ClCompile Include="C:\blender-git\build_windows_x64_vc17_Release\source\blender\nodes\function\register_function_nodes.cc">
      <Filter>Source Files</Filter>
    </ClCompile>
  </ItemGroup>
  <ItemGroup>
    <CustomBuild Include="C:\blender-git\build_windows_x64_vc17_Release\CMakeFiles\905f277ac06b37ec5a557c0d850cdd20\register_function_nodes.cc.rule">
      <Filter>CMake Rules</Filter>
    </CustomBuild>
    <CustomBuild Include="C:\blender-git\blender\source\blender\nodes\function\CMakeLists.txt" />
  </ItemGroup>
  <ItemGroup>
    <Filter Include="CMake Rules">
      <UniqueIdentifier>{D15A3CAF-CAB7-3597-833D-3C06FFB91F4D}</UniqueIdentifier>
    </Filter>
    <Filter Include="Source Files">
      <UniqueIdentifier>{EC3EFCE8-AD0A-3455-BDD6-6E7F392CC298}</UniqueIdentifier>
    </Filter>
  </ItemGroup>
</Project>
