<?xml version="1.0" encoding="utf-8"?>
<Project ToolsVersion="17.0" xmlns="http://schemas.microsoft.com/developer/msbuild/2003">
  <ItemGroup>
    <ClCompile Include="C:\blender-git\blender\source\blender\makesrna\intern\makesrna.cc">
      <Filter>Source Files</Filter>
    </ClCompile>
    <ClCompile Include="C:\blender-git\blender\source\blender\makesrna\intern\rna_define.cc">
      <Filter>Source Files</Filter>
    </ClCompile>
    <ClCompile Include="C:\blender-git\blender\source\blender\makesrna\intern\rna_ID.cc">
      <Filter>Source Files</Filter>
    </ClCompile>
    <ClCompile Include="C:\blender-git\blender\source\blender\makesrna\intern\rna_action.cc">
      <Filter>Source Files</Filter>
    </ClCompile>
    <ClCompile Include="C:\blender-git\blender\source\blender\makesrna\intern\rna_animation.cc">
      <Filter>Source Files</Filter>
    </ClCompile>
    <ClCompile Include="C:\blender-git\blender\source\blender\makesrna\intern\rna_animviz.cc">
      <Filter>Source Files</Filter>
    </ClCompile>
    <ClCompile Include="C:\blender-git\blender\source\blender\makesrna\intern\rna_armature.cc">
      <Filter>Source Files</Filter>
    </ClCompile>
    <ClCompile Include="C:\blender-git\blender\source\blender\makesrna\intern\rna_asset.cc">
      <Filter>Source Files</Filter>
    </ClCompile>
    <ClCompile Include="C:\blender-git\blender\source\blender\makesrna\intern\rna_attribute.cc">
      <Filter>Source Files</Filter>
    </ClCompile>
    <ClCompile Include="C:\blender-git\blender\source\blender\makesrna\intern\rna_boid.cc">
      <Filter>Source Files</Filter>
    </ClCompile>
    <ClCompile Include="C:\blender-git\blender\source\blender\makesrna\intern\rna_brush.cc">
      <Filter>Source Files</Filter>
    </ClCompile>
    <ClCompile Include="C:\blender-git\blender\source\blender\makesrna\intern\rna_cachefile.cc">
      <Filter>Source Files</Filter>
    </ClCompile>
    <ClCompile Include="C:\blender-git\blender\source\blender\makesrna\intern\rna_camera.cc">
      <Filter>Source Files</Filter>
    </ClCompile>
    <ClCompile Include="C:\blender-git\blender\source\blender\makesrna\intern\rna_cloth.cc">
      <Filter>Source Files</Filter>
    </ClCompile>
    <ClCompile Include="C:\blender-git\blender\source\blender\makesrna\intern\rna_collection.cc">
      <Filter>Source Files</Filter>
    </ClCompile>
    <ClCompile Include="C:\blender-git\blender\source\blender\makesrna\intern\rna_color.cc">
      <Filter>Source Files</Filter>
    </ClCompile>
    <ClCompile Include="C:\blender-git\blender\source\blender\makesrna\intern\rna_constraint.cc">
      <Filter>Source Files</Filter>
    </ClCompile>
    <ClCompile Include="C:\blender-git\blender\source\blender\makesrna\intern\rna_context.cc">
      <Filter>Source Files</Filter>
    </ClCompile>
    <ClCompile Include="C:\blender-git\blender\source\blender\makesrna\intern\rna_curve.cc">
      <Filter>Source Files</Filter>
    </ClCompile>
    <ClCompile Include="C:\blender-git\blender\source\blender\makesrna\intern\rna_curveprofile.cc">
      <Filter>Source Files</Filter>
    </ClCompile>
    <ClCompile Include="C:\blender-git\blender\source\blender\makesrna\intern\rna_curves.cc">
      <Filter>Source Files</Filter>
    </ClCompile>
    <ClCompile Include="C:\blender-git\blender\source\blender\makesrna\intern\rna_depsgraph.cc">
      <Filter>Source Files</Filter>
    </ClCompile>
    <ClCompile Include="C:\blender-git\blender\source\blender\makesrna\intern\rna_dynamicpaint.cc">
      <Filter>Source Files</Filter>
    </ClCompile>
    <ClCompile Include="C:\blender-git\blender\source\blender\makesrna\intern\rna_fcurve.cc">
      <Filter>Source Files</Filter>
    </ClCompile>
    <ClCompile Include="C:\blender-git\blender\source\blender\makesrna\intern\rna_fluid.cc">
      <Filter>Source Files</Filter>
    </ClCompile>
    <ClCompile Include="C:\blender-git\blender\source\blender\makesrna\intern\rna_gpencil_legacy.cc">
      <Filter>Source Files</Filter>
    </ClCompile>
    <ClCompile Include="C:\blender-git\blender\source\blender\makesrna\intern\rna_gpencil_legacy_modifier.cc">
      <Filter>Source Files</Filter>
    </ClCompile>
    <ClCompile Include="C:\blender-git\blender\source\blender\makesrna\intern\rna_image.cc">
      <Filter>Source Files</Filter>
    </ClCompile>
    <ClCompile Include="C:\blender-git\blender\source\blender\makesrna\intern\rna_key.cc">
      <Filter>Source Files</Filter>
    </ClCompile>
    <ClCompile Include="C:\blender-git\blender\source\blender\makesrna\intern\rna_lattice.cc">
      <Filter>Source Files</Filter>
    </ClCompile>
    <ClCompile Include="C:\blender-git\blender\source\blender\makesrna\intern\rna_layer.cc">
      <Filter>Source Files</Filter>
    </ClCompile>
    <ClCompile Include="C:\blender-git\blender\source\blender\makesrna\intern\rna_light.cc">
      <Filter>Source Files</Filter>
    </ClCompile>
    <ClCompile Include="C:\blender-git\blender\source\blender\makesrna\intern\rna_lightprobe.cc">
      <Filter>Source Files</Filter>
    </ClCompile>
    <ClCompile Include="C:\blender-git\blender\source\blender\makesrna\intern\rna_linestyle.cc">
      <Filter>Source Files</Filter>
    </ClCompile>
    <ClCompile Include="C:\blender-git\blender\source\blender\makesrna\intern\rna_main.cc">
      <Filter>Source Files</Filter>
    </ClCompile>
    <ClCompile Include="C:\blender-git\blender\source\blender\makesrna\intern\rna_mask.cc">
      <Filter>Source Files</Filter>
    </ClCompile>
    <ClCompile Include="C:\blender-git\blender\source\blender\makesrna\intern\rna_material.cc">
      <Filter>Source Files</Filter>
    </ClCompile>
    <ClCompile Include="C:\blender-git\blender\source\blender\makesrna\intern\rna_mesh.cc">
      <Filter>Source Files</Filter>
    </ClCompile>
    <ClCompile Include="C:\blender-git\blender\source\blender\makesrna\intern\rna_meta.cc">
      <Filter>Source Files</Filter>
    </ClCompile>
    <ClCompile Include="C:\blender-git\blender\source\blender\makesrna\intern\rna_modifier.cc">
      <Filter>Source Files</Filter>
    </ClCompile>
    <ClCompile Include="C:\blender-git\blender\source\blender\makesrna\intern\rna_movieclip.cc">
      <Filter>Source Files</Filter>
    </ClCompile>
    <ClCompile Include="C:\blender-git\blender\source\blender\makesrna\intern\rna_nla.cc">
      <Filter>Source Files</Filter>
    </ClCompile>
    <ClCompile Include="C:\blender-git\blender\source\blender\makesrna\intern\rna_node_socket.cc">
      <Filter>Source Files</Filter>
    </ClCompile>
    <ClCompile Include="C:\blender-git\blender\source\blender\makesrna\intern\rna_node_tree_interface.cc">
      <Filter>Source Files</Filter>
    </ClCompile>
    <ClCompile Include="C:\blender-git\blender\source\blender\makesrna\intern\rna_nodetree.cc">
      <Filter>Source Files</Filter>
    </ClCompile>
    <ClCompile Include="C:\blender-git\blender\source\blender\makesrna\intern\rna_object.cc">
      <Filter>Source Files</Filter>
    </ClCompile>
    <ClCompile Include="C:\blender-git\blender\source\blender\makesrna\intern\rna_object_force.cc">
      <Filter>Source Files</Filter>
    </ClCompile>
    <ClCompile Include="C:\blender-git\blender\source\blender\makesrna\intern\rna_packedfile.cc">
      <Filter>Source Files</Filter>
    </ClCompile>
    <ClCompile Include="C:\blender-git\blender\source\blender\makesrna\intern\rna_palette.cc">
      <Filter>Source Files</Filter>
    </ClCompile>
    <ClCompile Include="C:\blender-git\blender\source\blender\makesrna\intern\rna_particle.cc">
      <Filter>Source Files</Filter>
    </ClCompile>
    <ClCompile Include="C:\blender-git\blender\source\blender\makesrna\intern\rna_pointcloud.cc">
      <Filter>Source Files</Filter>
    </ClCompile>
    <ClCompile Include="C:\blender-git\blender\source\blender\makesrna\intern\rna_pose.cc">
      <Filter>Source Files</Filter>
    </ClCompile>
    <ClCompile Include="C:\blender-git\blender\source\blender\makesrna\intern\rna_render.cc">
      <Filter>Source Files</Filter>
    </ClCompile>
    <ClCompile Include="C:\blender-git\blender\source\blender\makesrna\intern\rna_rigidbody.cc">
      <Filter>Source Files</Filter>
    </ClCompile>
    <ClCompile Include="C:\blender-git\blender\source\blender\makesrna\intern\rna_rna.cc">
      <Filter>Source Files</Filter>
    </ClCompile>
    <ClCompile Include="C:\blender-git\blender\source\blender\makesrna\intern\rna_scene.cc">
      <Filter>Source Files</Filter>
    </ClCompile>
    <ClCompile Include="C:\blender-git\blender\source\blender\makesrna\intern\rna_screen.cc">
      <Filter>Source Files</Filter>
    </ClCompile>
    <ClCompile Include="C:\blender-git\blender\source\blender\makesrna\intern\rna_sculpt_paint.cc">
      <Filter>Source Files</Filter>
    </ClCompile>
    <ClCompile Include="C:\blender-git\blender\source\blender\makesrna\intern\rna_sequencer.cc">
      <Filter>Source Files</Filter>
    </ClCompile>
    <ClCompile Include="C:\blender-git\blender\source\blender\makesrna\intern\rna_shader_fx.cc">
      <Filter>Source Files</Filter>
    </ClCompile>
    <ClCompile Include="C:\blender-git\blender\source\blender\makesrna\intern\rna_sound.cc">
      <Filter>Source Files</Filter>
    </ClCompile>
    <ClCompile Include="C:\blender-git\blender\source\blender\makesrna\intern\rna_space.cc">
      <Filter>Source Files</Filter>
    </ClCompile>
    <ClCompile Include="C:\blender-git\blender\source\blender\makesrna\intern\rna_speaker.cc">
      <Filter>Source Files</Filter>
    </ClCompile>
    <ClCompile Include="C:\blender-git\blender\source\blender\makesrna\intern\rna_test.cc">
      <Filter>Source Files</Filter>
    </ClCompile>
    <ClCompile Include="C:\blender-git\blender\source\blender\makesrna\intern\rna_text.cc">
      <Filter>Source Files</Filter>
    </ClCompile>
    <ClCompile Include="C:\blender-git\blender\source\blender\makesrna\intern\rna_texture.cc">
      <Filter>Source Files</Filter>
    </ClCompile>
    <ClCompile Include="C:\blender-git\blender\source\blender\makesrna\intern\rna_timeline.cc">
      <Filter>Source Files</Filter>
    </ClCompile>
    <ClCompile Include="C:\blender-git\blender\source\blender\makesrna\intern\rna_tracking.cc">
      <Filter>Source Files</Filter>
    </ClCompile>
    <ClCompile Include="C:\blender-git\blender\source\blender\makesrna\intern\rna_ui.cc">
      <Filter>Source Files</Filter>
    </ClCompile>
    <ClCompile Include="C:\blender-git\blender\source\blender\makesrna\intern\rna_userdef.cc">
      <Filter>Source Files</Filter>
    </ClCompile>
    <ClCompile Include="C:\blender-git\blender\source\blender\makesrna\intern\rna_vfont.cc">
      <Filter>Source Files</Filter>
    </ClCompile>
    <ClCompile Include="C:\blender-git\blender\source\blender\makesrna\intern\rna_volume.cc">
      <Filter>Source Files</Filter>
    </ClCompile>
    <ClCompile Include="C:\blender-git\blender\source\blender\makesrna\intern\rna_wm.cc">
      <Filter>Source Files</Filter>
    </ClCompile>
    <ClCompile Include="C:\blender-git\blender\source\blender\makesrna\intern\rna_wm_gizmo.cc">
      <Filter>Source Files</Filter>
    </ClCompile>
    <ClCompile Include="C:\blender-git\blender\source\blender\makesrna\intern\rna_workspace.cc">
      <Filter>Source Files</Filter>
    </ClCompile>
    <ClCompile Include="C:\blender-git\blender\source\blender\makesrna\intern\rna_world.cc">
      <Filter>Source Files</Filter>
    </ClCompile>
    <ClCompile Include="C:\blender-git\blender\source\blender\makesrna\intern\rna_xr.cc">
      <Filter>Source Files</Filter>
    </ClCompile>
    <ClCompile Include="C:\blender-git\blender\source\blender\makesrna\intern\rna_usd.cc">
      <Filter>Source Files</Filter>
    </ClCompile>
    <ClCompile Include="C:\blender-git\blender\source\blender\makesrna\intern\rna_grease_pencil.cc">
      <Filter>Source Files</Filter>
    </ClCompile>
    <ClCompile Include="C:\blender-git\blender\source\blender\makesrna\intern\rna_action_api.cc">
      <Filter>Source Files</Filter>
    </ClCompile>
    <ClCompile Include="C:\blender-git\blender\source\blender\makesrna\intern\rna_animation_api.cc">
      <Filter>Source Files</Filter>
    </ClCompile>
    <ClCompile Include="C:\blender-git\blender\source\blender\makesrna\intern\rna_armature_api.cc">
      <Filter>Source Files</Filter>
    </ClCompile>
    <ClCompile Include="C:\blender-git\blender\source\blender\makesrna\intern\rna_camera_api.cc">
      <Filter>Source Files</Filter>
    </ClCompile>
    <ClCompile Include="C:\blender-git\blender\source\blender\makesrna\intern\rna_curve_api.cc">
      <Filter>Source Files</Filter>
    </ClCompile>
    <ClCompile Include="C:\blender-git\blender\source\blender\makesrna\intern\rna_fcurve_api.cc">
      <Filter>Source Files</Filter>
    </ClCompile>
    <ClCompile Include="C:\blender-git\blender\source\blender\makesrna\intern\rna_image_api.cc">
      <Filter>Source Files</Filter>
    </ClCompile>
    <ClCompile Include="C:\blender-git\blender\source\blender\makesrna\intern\rna_lattice_api.cc">
      <Filter>Source Files</Filter>
    </ClCompile>
    <ClCompile Include="C:\blender-git\blender\source\blender\makesrna\intern\rna_main_api.cc">
      <Filter>Source Files</Filter>
    </ClCompile>
    <ClCompile Include="C:\blender-git\blender\source\blender\makesrna\intern\rna_material_api.cc">
      <Filter>Source Files</Filter>
    </ClCompile>
    <ClCompile Include="C:\blender-git\blender\source\blender\makesrna\intern\rna_mesh_api.cc">
      <Filter>Source Files</Filter>
    </ClCompile>
    <ClCompile Include="C:\blender-git\blender\source\blender\makesrna\intern\rna_meta_api.cc">
      <Filter>Source Files</Filter>
    </ClCompile>
    <ClCompile Include="C:\blender-git\blender\source\blender\makesrna\intern\rna_object_api.cc">
      <Filter>Source Files</Filter>
    </ClCompile>
    <ClCompile Include="C:\blender-git\blender\source\blender\makesrna\intern\rna_pose_api.cc">
      <Filter>Source Files</Filter>
    </ClCompile>
    <ClCompile Include="C:\blender-git\blender\source\blender\makesrna\intern\rna_scene_api.cc">
      <Filter>Source Files</Filter>
    </ClCompile>
    <ClCompile Include="C:\blender-git\blender\source\blender\makesrna\intern\rna_sequencer_api.cc">
      <Filter>Source Files</Filter>
    </ClCompile>
    <ClCompile Include="C:\blender-git\blender\source\blender\makesrna\intern\rna_sound_api.cc">
      <Filter>Source Files</Filter>
    </ClCompile>
    <ClCompile Include="C:\blender-git\blender\source\blender\makesrna\intern\rna_space_api.cc">
      <Filter>Source Files</Filter>
    </ClCompile>
    <ClCompile Include="C:\blender-git\blender\source\blender\makesrna\intern\rna_text_api.cc">
      <Filter>Source Files</Filter>
    </ClCompile>
    <ClCompile Include="C:\blender-git\blender\source\blender\makesrna\intern\rna_texture_api.cc">
      <Filter>Source Files</Filter>
    </ClCompile>
    <ClCompile Include="C:\blender-git\blender\source\blender\makesrna\intern\rna_ui_api.cc">
      <Filter>Source Files</Filter>
    </ClCompile>
    <ClCompile Include="C:\blender-git\blender\source\blender\makesrna\intern\rna_vfont_api.cc">
      <Filter>Source Files</Filter>
    </ClCompile>
    <ClCompile Include="C:\blender-git\blender\source\blender\makesrna\intern\rna_wm_api.cc">
      <Filter>Source Files</Filter>
    </ClCompile>
    <ClCompile Include="C:\blender-git\blender\source\blender\makesrna\intern\rna_wm_gizmo_api.cc">
      <Filter>Source Files</Filter>
    </ClCompile>
    <ClCompile Include="C:\blender-git\blender\source\blender\makesrna\intern\rna_workspace_api.cc">
      <Filter>Source Files</Filter>
    </ClCompile>
    <ClCompile Include="C:\blender-git\blender\intern\clog\clog.c">
      <Filter>Source Files</Filter>
    </ClCompile>
    <ClCompile Include="C:\blender-git\blender\intern\guardedalloc\intern\leak_detector.cc">
      <Filter>Source Files</Filter>
    </ClCompile>
    <ClCompile Include="C:\blender-git\blender\intern\guardedalloc\intern\mallocn.c">
      <Filter>Source Files</Filter>
    </ClCompile>
    <ClCompile Include="C:\blender-git\blender\intern\guardedalloc\intern\mallocn_guarded_impl.c">
      <Filter>Source Files</Filter>
    </ClCompile>
    <ClCompile Include="C:\blender-git\blender\intern\guardedalloc\intern\mallocn_lockfree_impl.c">
      <Filter>Source Files</Filter>
    </ClCompile>
    <ClCompile Include="C:\blender-git\blender\intern\guardedalloc\intern\memory_usage.cc">
      <Filter>Source Files</Filter>
    </ClCompile>
    <ClCompile Include="C:\blender-git\blender\release\datafiles\userdef\userdef_default.c">
      <Filter>Source Files</Filter>
    </ClCompile>
    <ClCompile Include="C:\blender-git\blender\release\datafiles\userdef\userdef_default_theme.c">
      <Filter>Source Files</Filter>
    </ClCompile>
  </ItemGroup>
  <ItemGroup>
    <ClInclude Include="C:\blender-git\blender\source\blender\makesrna\RNA_access.hh">
      <Filter>Header Files</Filter>
    </ClInclude>
    <ClInclude Include="C:\blender-git\blender\source\blender\makesrna\RNA_define.hh">
      <Filter>Header Files</Filter>
    </ClInclude>
    <ClInclude Include="C:\blender-git\blender\source\blender\makesrna\RNA_documentation.hh">
      <Filter>Header Files</Filter>
    </ClInclude>
    <ClInclude Include="C:\blender-git\blender\source\blender\makesrna\RNA_enum_items.hh">
      <Filter>Header Files</Filter>
    </ClInclude>
    <ClInclude Include="C:\blender-git\blender\source\blender\makesrna\RNA_enum_types.hh">
      <Filter>Header Files</Filter>
    </ClInclude>
    <ClInclude Include="C:\blender-git\blender\source\blender\makesrna\RNA_path.hh">
      <Filter>Header Files</Filter>
    </ClInclude>
    <ClInclude Include="C:\blender-git\blender\source\blender\makesrna\RNA_types.hh">
      <Filter>Header Files</Filter>
    </ClInclude>
    <ClInclude Include="C:\blender-git\blender\source\blender\makesdna\DNA_ID.h">
      <Filter>Header Files</Filter>
    </ClInclude>
    <ClInclude Include="C:\blender-git\blender\source\blender\makesdna\DNA_ID_enums.h">
      <Filter>Header Files</Filter>
    </ClInclude>
    <ClInclude Include="C:\blender-git\blender\source\blender\makesdna\DNA_action_types.h">
      <Filter>Header Files</Filter>
    </ClInclude>
    <ClInclude Include="C:\blender-git\blender\source\blender\makesdna\DNA_anim_types.h">
      <Filter>Header Files</Filter>
    </ClInclude>
    <ClInclude Include="C:\blender-git\blender\source\blender\makesdna\DNA_armature_types.h">
      <Filter>Header Files</Filter>
    </ClInclude>
    <ClInclude Include="C:\blender-git\blender\source\blender\makesdna\DNA_asset_types.h">
      <Filter>Header Files</Filter>
    </ClInclude>
    <ClInclude Include="C:\blender-git\blender\source\blender\makesdna\DNA_boid_types.h">
      <Filter>Header Files</Filter>
    </ClInclude>
    <ClInclude Include="C:\blender-git\blender\source\blender\makesdna\DNA_brush_enums.h">
      <Filter>Header Files</Filter>
    </ClInclude>
    <ClInclude Include="C:\blender-git\blender\source\blender\makesdna\DNA_brush_types.h">
      <Filter>Header Files</Filter>
    </ClInclude>
    <ClInclude Include="C:\blender-git\blender\source\blender\makesdna\DNA_cachefile_types.h">
      <Filter>Header Files</Filter>
    </ClInclude>
    <ClInclude Include="C:\blender-git\blender\source\blender\makesdna\DNA_camera_types.h">
      <Filter>Header Files</Filter>
    </ClInclude>
    <ClInclude Include="C:\blender-git\blender\source\blender\makesdna\DNA_cloth_types.h">
      <Filter>Header Files</Filter>
    </ClInclude>
    <ClInclude Include="C:\blender-git\blender\source\blender\makesdna\DNA_collection_types.h">
      <Filter>Header Files</Filter>
    </ClInclude>
    <ClInclude Include="C:\blender-git\blender\source\blender\makesdna\DNA_color_types.h">
      <Filter>Header Files</Filter>
    </ClInclude>
    <ClInclude Include="C:\blender-git\blender\source\blender\makesdna\DNA_constraint_types.h">
      <Filter>Header Files</Filter>
    </ClInclude>
    <ClInclude Include="C:\blender-git\blender\source\blender\makesdna\DNA_curve_types.h">
      <Filter>Header Files</Filter>
    </ClInclude>
    <ClInclude Include="C:\blender-git\blender\source\blender\makesdna\DNA_curveprofile_types.h">
      <Filter>Header Files</Filter>
    </ClInclude>
    <ClInclude Include="C:\blender-git\blender\source\blender\makesdna\DNA_curves_types.h">
      <Filter>Header Files</Filter>
    </ClInclude>
    <ClInclude Include="C:\blender-git\blender\source\blender\makesdna\DNA_customdata_types.h">
      <Filter>Header Files</Filter>
    </ClInclude>
    <ClInclude Include="C:\blender-git\blender\source\blender\makesdna\DNA_defs.h">
      <Filter>Header Files</Filter>
    </ClInclude>
    <ClInclude Include="C:\blender-git\blender\source\blender\makesdna\DNA_documentation.h">
      <Filter>Header Files</Filter>
    </ClInclude>
    <ClInclude Include="C:\blender-git\blender\source\blender\makesdna\DNA_dynamicpaint_types.h">
      <Filter>Header Files</Filter>
    </ClInclude>
    <ClInclude Include="C:\blender-git\blender\source\blender\makesdna\DNA_effect_types.h">
      <Filter>Header Files</Filter>
    </ClInclude>
    <ClInclude Include="C:\blender-git\blender\source\blender\makesdna\DNA_fileglobal_types.h">
      <Filter>Header Files</Filter>
    </ClInclude>
    <ClInclude Include="C:\blender-git\blender\source\blender\makesdna\DNA_fluid_types.h">
      <Filter>Header Files</Filter>
    </ClInclude>
    <ClInclude Include="C:\blender-git\blender\source\blender\makesdna\DNA_freestyle_types.h">
      <Filter>Header Files</Filter>
    </ClInclude>
    <ClInclude Include="C:\blender-git\blender\source\blender\makesdna\DNA_genfile.h">
      <Filter>Header Files</Filter>
    </ClInclude>
    <ClInclude Include="C:\blender-git\blender\source\blender\makesdna\DNA_gpencil_legacy_types.h">
      <Filter>Header Files</Filter>
    </ClInclude>
    <ClInclude Include="C:\blender-git\blender\source\blender\makesdna\DNA_gpencil_modifier_types.h">
      <Filter>Header Files</Filter>
    </ClInclude>
    <ClInclude Include="C:\blender-git\blender\source\blender\makesdna\DNA_gpu_types.h">
      <Filter>Header Files</Filter>
    </ClInclude>
    <ClInclude Include="C:\blender-git\blender\source\blender\makesdna\DNA_grease_pencil_types.h">
      <Filter>Header Files</Filter>
    </ClInclude>
    <ClInclude Include="C:\blender-git\blender\source\blender\makesdna\DNA_image_types.h">
      <Filter>Header Files</Filter>
    </ClInclude>
    <ClInclude Include="C:\blender-git\blender\source\blender\makesdna\DNA_ipo_types.h">
      <Filter>Header Files</Filter>
    </ClInclude>
    <ClInclude Include="C:\blender-git\blender\source\blender\makesdna\DNA_key_types.h">
      <Filter>Header Files</Filter>
    </ClInclude>
    <ClInclude Include="C:\blender-git\blender\source\blender\makesdna\DNA_lattice_types.h">
      <Filter>Header Files</Filter>
    </ClInclude>
    <ClInclude Include="C:\blender-git\blender\source\blender\makesdna\DNA_layer_types.h">
      <Filter>Header Files</Filter>
    </ClInclude>
    <ClInclude Include="C:\blender-git\blender\source\blender\makesdna\DNA_light_types.h">
      <Filter>Header Files</Filter>
    </ClInclude>
    <ClInclude Include="C:\blender-git\blender\source\blender\makesdna\DNA_lightprobe_types.h">
      <Filter>Header Files</Filter>
    </ClInclude>
    <ClInclude Include="C:\blender-git\blender\source\blender\makesdna\DNA_lineart_types.h">
      <Filter>Header Files</Filter>
    </ClInclude>
    <ClInclude Include="C:\blender-git\blender\source\blender\makesdna\DNA_linestyle_types.h">
      <Filter>Header Files</Filter>
    </ClInclude>
    <ClInclude Include="C:\blender-git\blender\source\blender\makesdna\DNA_listBase.h">
      <Filter>Header Files</Filter>
    </ClInclude>
    <ClInclude Include="C:\blender-git\blender\source\blender\makesdna\DNA_mask_types.h">
      <Filter>Header Files</Filter>
    </ClInclude>
    <ClInclude Include="C:\blender-git\blender\source\blender\makesdna\DNA_material_types.h">
      <Filter>Header Files</Filter>
    </ClInclude>
    <ClInclude Include="C:\blender-git\blender\source\blender\makesdna\DNA_mesh_types.h">
      <Filter>Header Files</Filter>
    </ClInclude>
    <ClInclude Include="C:\blender-git\blender\source\blender\makesdna\DNA_meshdata_types.h">
      <Filter>Header Files</Filter>
    </ClInclude>
    <ClInclude Include="C:\blender-git\blender\source\blender\makesdna\DNA_meta_types.h">
      <Filter>Header Files</Filter>
    </ClInclude>
    <ClInclude Include="C:\blender-git\blender\source\blender\makesdna\DNA_modifier_types.h">
      <Filter>Header Files</Filter>
    </ClInclude>
    <ClInclude Include="C:\blender-git\blender\source\blender\makesdna\DNA_movieclip_types.h">
      <Filter>Header Files</Filter>
    </ClInclude>
    <ClInclude Include="C:\blender-git\blender\source\blender\makesdna\DNA_nla_types.h">
      <Filter>Header Files</Filter>
    </ClInclude>
    <ClInclude Include="C:\blender-git\blender\source\blender\makesdna\DNA_node_tree_interface_types.h">
      <Filter>Header Files</Filter>
    </ClInclude>
    <ClInclude Include="C:\blender-git\blender\source\blender\makesdna\DNA_node_types.h">
      <Filter>Header Files</Filter>
    </ClInclude>
    <ClInclude Include="C:\blender-git\blender\source\blender\makesdna\DNA_object_enums.h">
      <Filter>Header Files</Filter>
    </ClInclude>
    <ClInclude Include="C:\blender-git\blender\source\blender\makesdna\DNA_object_fluidsim_types.h">
      <Filter>Header Files</Filter>
    </ClInclude>
    <ClInclude Include="C:\blender-git\blender\source\blender\makesdna\DNA_object_force_types.h">
      <Filter>Header Files</Filter>
    </ClInclude>
    <ClInclude Include="C:\blender-git\blender\source\blender\makesdna\DNA_object_types.h">
      <Filter>Header Files</Filter>
    </ClInclude>
    <ClInclude Include="C:\blender-git\blender\source\blender\makesdna\DNA_outliner_types.h">
      <Filter>Header Files</Filter>
    </ClInclude>
    <ClInclude Include="C:\blender-git\blender\source\blender\makesdna\DNA_packedFile_types.h">
      <Filter>Header Files</Filter>
    </ClInclude>
    <ClInclude Include="C:\blender-git\blender\source\blender\makesdna\DNA_particle_types.h">
      <Filter>Header Files</Filter>
    </ClInclude>
    <ClInclude Include="C:\blender-git\blender\source\blender\makesdna\DNA_pointcache_types.h">
      <Filter>Header Files</Filter>
    </ClInclude>
    <ClInclude Include="C:\blender-git\blender\source\blender\makesdna\DNA_pointcloud_types.h">
      <Filter>Header Files</Filter>
    </ClInclude>
    <ClInclude Include="C:\blender-git\blender\source\blender\makesdna\DNA_rigidbody_types.h">
      <Filter>Header Files</Filter>
    </ClInclude>
    <ClInclude Include="C:\blender-git\blender\source\blender\makesdna\DNA_scene_enums.h">
      <Filter>Header Files</Filter>
    </ClInclude>
    <ClInclude Include="C:\blender-git\blender\source\blender\makesdna\DNA_scene_types.h">
      <Filter>Header Files</Filter>
    </ClInclude>
    <ClInclude Include="C:\blender-git\blender\source\blender\makesdna\DNA_screen_types.h">
      <Filter>Header Files</Filter>
    </ClInclude>
    <ClInclude Include="C:\blender-git\blender\source\blender\makesdna\DNA_sdna_types.h">
      <Filter>Header Files</Filter>
    </ClInclude>
    <ClInclude Include="C:\blender-git\blender\source\blender\makesdna\DNA_sequence_types.h">
      <Filter>Header Files</Filter>
    </ClInclude>
    <ClInclude Include="C:\blender-git\blender\source\blender\makesdna\DNA_session_uuid_types.h">
      <Filter>Header Files</Filter>
    </ClInclude>
    <ClInclude Include="C:\blender-git\blender\source\blender\makesdna\DNA_shader_fx_types.h">
      <Filter>Header Files</Filter>
    </ClInclude>
    <ClInclude Include="C:\blender-git\blender\source\blender\makesdna\DNA_sound_types.h">
      <Filter>Header Files</Filter>
    </ClInclude>
    <ClInclude Include="C:\blender-git\blender\source\blender\makesdna\DNA_space_types.h">
      <Filter>Header Files</Filter>
    </ClInclude>
    <ClInclude Include="C:\blender-git\blender\source\blender\makesdna\DNA_speaker_types.h">
      <Filter>Header Files</Filter>
    </ClInclude>
    <ClInclude Include="C:\blender-git\blender\source\blender\makesdna\DNA_text_types.h">
      <Filter>Header Files</Filter>
    </ClInclude>
    <ClInclude Include="C:\blender-git\blender\source\blender\makesdna\DNA_texture_types.h">
      <Filter>Header Files</Filter>
    </ClInclude>
    <ClInclude Include="C:\blender-git\blender\source\blender\makesdna\DNA_tracking_types.h">
      <Filter>Header Files</Filter>
    </ClInclude>
    <ClInclude Include="C:\blender-git\blender\source\blender\makesdna\DNA_userdef_enums.h">
      <Filter>Header Files</Filter>
    </ClInclude>
    <ClInclude Include="C:\blender-git\blender\source\blender\makesdna\DNA_userdef_types.h">
      <Filter>Header Files</Filter>
    </ClInclude>
    <ClInclude Include="C:\blender-git\blender\source\blender\makesdna\DNA_uuid_types.h">
      <Filter>Header Files</Filter>
    </ClInclude>
    <ClInclude Include="C:\blender-git\blender\source\blender\makesdna\DNA_vec_types.h">
      <Filter>Header Files</Filter>
    </ClInclude>
    <ClInclude Include="C:\blender-git\blender\source\blender\makesdna\DNA_vfont_types.h">
      <Filter>Header Files</Filter>
    </ClInclude>
    <ClInclude Include="C:\blender-git\blender\source\blender\makesdna\DNA_view2d_types.h">
      <Filter>Header Files</Filter>
    </ClInclude>
    <ClInclude Include="C:\blender-git\blender\source\blender\makesdna\DNA_view3d_enums.h">
      <Filter>Header Files</Filter>
    </ClInclude>
    <ClInclude Include="C:\blender-git\blender\source\blender\makesdna\DNA_view3d_types.h">
      <Filter>Header Files</Filter>
    </ClInclude>
    <ClInclude Include="C:\blender-git\blender\source\blender\makesdna\DNA_viewer_path_types.h">
      <Filter>Header Files</Filter>
    </ClInclude>
    <ClInclude Include="C:\blender-git\blender\source\blender\makesdna\DNA_volume_types.h">
      <Filter>Header Files</Filter>
    </ClInclude>
    <ClInclude Include="C:\blender-git\blender\source\blender\makesdna\DNA_windowmanager_types.h">
      <Filter>Header Files</Filter>
    </ClInclude>
    <ClInclude Include="C:\blender-git\blender\source\blender\makesdna\DNA_workspace_types.h">
      <Filter>Header Files</Filter>
    </ClInclude>
    <ClInclude Include="C:\blender-git\blender\source\blender\makesdna\DNA_world_types.h">
      <Filter>Header Files</Filter>
    </ClInclude>
    <ClInclude Include="C:\blender-git\blender\source\blender\makesdna\DNA_xr_types.h">
      <Filter>Header Files</Filter>
    </ClInclude>
  </ItemGroup>
  <ItemGroup>
    <CustomBuild Include="C:\blender-git\blender\source\blender\makesrna\intern\CMakeLists.txt" />
  </ItemGroup>
  <ItemGroup>
    <Filter Include="Header Files">
      <UniqueIdentifier>{DCA61805-858F-3339-AB48-23982FF4ADDD}</UniqueIdentifier>
    </Filter>
    <Filter Include="Source Files">
      <UniqueIdentifier>{EC3EFCE8-AD0A-3455-BDD6-6E7F392CC298}</UniqueIdentifier>
    </Filter>
  </ItemGroup>
</Project>
