<?xml version="1.0" encoding="utf-8"?>
<Project ToolsVersion="17.0" xmlns="http://schemas.microsoft.com/developer/msbuild/2003">
  <ItemGroup>
    <ClCompile Include="C:\blender-git\blender\source\blender\editors\sculpt_paint\curves_sculpt_add.cc">
      <Filter>Source Files</Filter>
    </ClCompile>
    <ClCompile Include="C:\blender-git\blender\source\blender\editors\sculpt_paint\curves_sculpt_brush.cc">
      <Filter>Source Files</Filter>
    </ClCompile>
    <ClCompile Include="C:\blender-git\blender\source\blender\editors\sculpt_paint\curves_sculpt_comb.cc">
      <Filter>Source Files</Filter>
    </ClCompile>
    <ClCompile Include="C:\blender-git\blender\source\blender\editors\sculpt_paint\curves_sculpt_delete.cc">
      <Filter>Source Files</Filter>
    </ClCompile>
    <ClCompile Include="C:\blender-git\blender\source\blender\editors\sculpt_paint\curves_sculpt_density.cc">
      <Filter>Source Files</Filter>
    </ClCompile>
    <ClCompile Include="C:\blender-git\blender\source\blender\editors\sculpt_paint\curves_sculpt_grow_shrink.cc">
      <Filter>Source Files</Filter>
    </ClCompile>
    <ClCompile Include="C:\blender-git\blender\source\blender\editors\sculpt_paint\curves_sculpt_ops.cc">
      <Filter>Source Files</Filter>
    </ClCompile>
    <ClCompile Include="C:\blender-git\blender\source\blender\editors\sculpt_paint\curves_sculpt_pinch.cc">
      <Filter>Source Files</Filter>
    </ClCompile>
    <ClCompile Include="C:\blender-git\blender\source\blender\editors\sculpt_paint\curves_sculpt_puff.cc">
      <Filter>Source Files</Filter>
    </ClCompile>
    <ClCompile Include="C:\blender-git\blender\source\blender\editors\sculpt_paint\curves_sculpt_selection.cc">
      <Filter>Source Files</Filter>
    </ClCompile>
    <ClCompile Include="C:\blender-git\blender\source\blender\editors\sculpt_paint\curves_sculpt_selection_paint.cc">
      <Filter>Source Files</Filter>
    </ClCompile>
    <ClCompile Include="C:\blender-git\blender\source\blender\editors\sculpt_paint\curves_sculpt_slide.cc">
      <Filter>Source Files</Filter>
    </ClCompile>
    <ClCompile Include="C:\blender-git\blender\source\blender\editors\sculpt_paint\curves_sculpt_smooth.cc">
      <Filter>Source Files</Filter>
    </ClCompile>
    <ClCompile Include="C:\blender-git\blender\source\blender\editors\sculpt_paint\curves_sculpt_snake_hook.cc">
      <Filter>Source Files</Filter>
    </ClCompile>
    <ClCompile Include="C:\blender-git\blender\source\blender\editors\sculpt_paint\grease_pencil_draw_ops.cc">
      <Filter>Source Files</Filter>
    </ClCompile>
    <ClCompile Include="C:\blender-git\blender\source\blender\editors\sculpt_paint\grease_pencil_erase.cc">
      <Filter>Source Files</Filter>
    </ClCompile>
    <ClCompile Include="C:\blender-git\blender\source\blender\editors\sculpt_paint\grease_pencil_paint.cc">
      <Filter>Source Files</Filter>
    </ClCompile>
    <ClCompile Include="C:\blender-git\blender\source\blender\editors\sculpt_paint\paint_canvas.cc">
      <Filter>Source Files</Filter>
    </ClCompile>
    <ClCompile Include="C:\blender-git\blender\source\blender\editors\sculpt_paint\paint_cursor.cc">
      <Filter>Source Files</Filter>
    </ClCompile>
    <ClCompile Include="C:\blender-git\blender\source\blender\editors\sculpt_paint\paint_curve.cc">
      <Filter>Source Files</Filter>
    </ClCompile>
    <ClCompile Include="C:\blender-git\blender\source\blender\editors\sculpt_paint\paint_curve_undo.cc">
      <Filter>Source Files</Filter>
    </ClCompile>
    <ClCompile Include="C:\blender-git\blender\source\blender\editors\sculpt_paint\paint_hide.cc">
      <Filter>Source Files</Filter>
    </ClCompile>
    <ClCompile Include="C:\blender-git\blender\source\blender\editors\sculpt_paint\paint_image.cc">
      <Filter>Source Files</Filter>
    </ClCompile>
    <ClCompile Include="C:\blender-git\blender\source\blender\editors\sculpt_paint\paint_image_2d.cc">
      <Filter>Source Files</Filter>
    </ClCompile>
    <ClCompile Include="C:\blender-git\blender\source\blender\editors\sculpt_paint\paint_image_2d_curve_mask.cc">
      <Filter>Source Files</Filter>
    </ClCompile>
    <ClCompile Include="C:\blender-git\blender\source\blender\editors\sculpt_paint\paint_image_ops_paint.cc">
      <Filter>Source Files</Filter>
    </ClCompile>
    <ClCompile Include="C:\blender-git\blender\source\blender\editors\sculpt_paint\paint_image_proj.cc">
      <Filter>Source Files</Filter>
    </ClCompile>
    <ClCompile Include="C:\blender-git\blender\source\blender\editors\sculpt_paint\paint_mask.cc">
      <Filter>Source Files</Filter>
    </ClCompile>
    <ClCompile Include="C:\blender-git\blender\source\blender\editors\sculpt_paint\paint_ops.cc">
      <Filter>Source Files</Filter>
    </ClCompile>
    <ClCompile Include="C:\blender-git\blender\source\blender\editors\sculpt_paint\paint_stroke.cc">
      <Filter>Source Files</Filter>
    </ClCompile>
    <ClCompile Include="C:\blender-git\blender\source\blender\editors\sculpt_paint\paint_utils.cc">
      <Filter>Source Files</Filter>
    </ClCompile>
    <ClCompile Include="C:\blender-git\blender\source\blender\editors\sculpt_paint\paint_vertex.cc">
      <Filter>Source Files</Filter>
    </ClCompile>
    <ClCompile Include="C:\blender-git\blender\source\blender\editors\sculpt_paint\paint_vertex_color_ops.cc">
      <Filter>Source Files</Filter>
    </ClCompile>
    <ClCompile Include="C:\blender-git\blender\source\blender\editors\sculpt_paint\paint_vertex_proj.cc">
      <Filter>Source Files</Filter>
    </ClCompile>
    <ClCompile Include="C:\blender-git\blender\source\blender\editors\sculpt_paint\paint_vertex_weight_ops.cc">
      <Filter>Source Files</Filter>
    </ClCompile>
    <ClCompile Include="C:\blender-git\blender\source\blender\editors\sculpt_paint\paint_vertex_weight_utils.cc">
      <Filter>Source Files</Filter>
    </ClCompile>
    <ClCompile Include="C:\blender-git\blender\source\blender\editors\sculpt_paint\paint_weight.cc">
      <Filter>Source Files</Filter>
    </ClCompile>
    <ClCompile Include="C:\blender-git\blender\source\blender\editors\sculpt_paint\sculpt.cc">
      <Filter>Source Files</Filter>
    </ClCompile>
    <ClCompile Include="C:\blender-git\blender\source\blender\editors\sculpt_paint\sculpt_automasking.cc">
      <Filter>Source Files</Filter>
    </ClCompile>
    <ClCompile Include="C:\blender-git\blender\source\blender\editors\sculpt_paint\sculpt_boundary.cc">
      <Filter>Source Files</Filter>
    </ClCompile>
    <ClCompile Include="C:\blender-git\blender\source\blender\editors\sculpt_paint\sculpt_brush_types.cc">
      <Filter>Source Files</Filter>
    </ClCompile>
    <ClCompile Include="C:\blender-git\blender\source\blender\editors\sculpt_paint\sculpt_cloth.cc">
      <Filter>Source Files</Filter>
    </ClCompile>
    <ClCompile Include="C:\blender-git\blender\source\blender\editors\sculpt_paint\sculpt_detail.cc">
      <Filter>Source Files</Filter>
    </ClCompile>
    <ClCompile Include="C:\blender-git\blender\source\blender\editors\sculpt_paint\sculpt_dyntopo.cc">
      <Filter>Source Files</Filter>
    </ClCompile>
    <ClCompile Include="C:\blender-git\blender\source\blender\editors\sculpt_paint\sculpt_expand.cc">
      <Filter>Source Files</Filter>
    </ClCompile>
    <ClCompile Include="C:\blender-git\blender\source\blender\editors\sculpt_paint\sculpt_face_set.cc">
      <Filter>Source Files</Filter>
    </ClCompile>
    <ClCompile Include="C:\blender-git\blender\source\blender\editors\sculpt_paint\sculpt_filter_color.cc">
      <Filter>Source Files</Filter>
    </ClCompile>
    <ClCompile Include="C:\blender-git\blender\source\blender\editors\sculpt_paint\sculpt_filter_mask.cc">
      <Filter>Source Files</Filter>
    </ClCompile>
    <ClCompile Include="C:\blender-git\blender\source\blender\editors\sculpt_paint\sculpt_filter_mesh.cc">
      <Filter>Source Files</Filter>
    </ClCompile>
    <ClCompile Include="C:\blender-git\blender\source\blender\editors\sculpt_paint\sculpt_geodesic.cc">
      <Filter>Source Files</Filter>
    </ClCompile>
    <ClCompile Include="C:\blender-git\blender\source\blender\editors\sculpt_paint\sculpt_mask_init.cc">
      <Filter>Source Files</Filter>
    </ClCompile>
    <ClCompile Include="C:\blender-git\blender\source\blender\editors\sculpt_paint\sculpt_multiplane_scrape.cc">
      <Filter>Source Files</Filter>
    </ClCompile>
    <ClCompile Include="C:\blender-git\blender\source\blender\editors\sculpt_paint\sculpt_ops.cc">
      <Filter>Source Files</Filter>
    </ClCompile>
    <ClCompile Include="C:\blender-git\blender\source\blender\editors\sculpt_paint\sculpt_paint_color.cc">
      <Filter>Source Files</Filter>
    </ClCompile>
    <ClCompile Include="C:\blender-git\blender\source\blender\editors\sculpt_paint\sculpt_paint_image.cc">
      <Filter>Source Files</Filter>
    </ClCompile>
    <ClCompile Include="C:\blender-git\blender\source\blender\editors\sculpt_paint\sculpt_pose.cc">
      <Filter>Source Files</Filter>
    </ClCompile>
    <ClCompile Include="C:\blender-git\blender\source\blender\editors\sculpt_paint\sculpt_smooth.cc">
      <Filter>Source Files</Filter>
    </ClCompile>
    <ClCompile Include="C:\blender-git\blender\source\blender\editors\sculpt_paint\sculpt_transform.cc">
      <Filter>Source Files</Filter>
    </ClCompile>
    <ClCompile Include="C:\blender-git\blender\source\blender\editors\sculpt_paint\sculpt_undo.cc">
      <Filter>Source Files</Filter>
    </ClCompile>
    <ClCompile Include="C:\blender-git\blender\source\blender\editors\sculpt_paint\sculpt_uv.cc">
      <Filter>Source Files</Filter>
    </ClCompile>
  </ItemGroup>
  <ItemGroup>
    <ClInclude Include="C:\blender-git\blender\source\blender\editors\sculpt_paint\curves_sculpt_intern.hh">
      <Filter>Header Files</Filter>
    </ClInclude>
    <ClInclude Include="C:\blender-git\blender\source\blender\editors\sculpt_paint\grease_pencil_intern.hh">
      <Filter>Header Files</Filter>
    </ClInclude>
    <ClInclude Include="C:\blender-git\blender\source\blender\editors\sculpt_paint\paint_intern.hh">
      <Filter>Header Files</Filter>
    </ClInclude>
    <ClInclude Include="C:\blender-git\blender\source\blender\editors\sculpt_paint\sculpt_intern.hh">
      <Filter>Header Files</Filter>
    </ClInclude>
  </ItemGroup>
  <ItemGroup>
    <CustomBuild Include="C:\blender-git\blender\source\blender\editors\sculpt_paint\CMakeLists.txt" />
  </ItemGroup>
  <ItemGroup>
    <Filter Include="Header Files">
      <UniqueIdentifier>{DCA61805-858F-3339-AB48-23982FF4ADDD}</UniqueIdentifier>
    </Filter>
    <Filter Include="Source Files">
      <UniqueIdentifier>{EC3EFCE8-AD0A-3455-BDD6-6E7F392CC298}</UniqueIdentifier>
    </Filter>
  </ItemGroup>
</Project>
