<?xml version="1.0" encoding="utf-8"?>
<Project ToolsVersion="17.0" xmlns="http://schemas.microsoft.com/developer/msbuild/2003">
  <ItemGroup>
    <ClCompile Include="C:\blender-git\build_windows_x64_vc17_Release\release\datafiles\bfont.pfb.c">
      <Filter>Generated</Filter>
    </ClCompile>
    <ClCompile Include="C:\blender-git\build_windows_x64_vc17_Release\release\datafiles\preview.blend.c">
      <Filter>Generated</Filter>
    </ClCompile>
    <ClCompile Include="C:\blender-git\build_windows_x64_vc17_Release\release\datafiles\preview_grease_pencil.blend.c">
      <Filter>Generated</Filter>
    </ClCompile>
    <ClCompile Include="C:\blender-git\build_windows_x64_vc17_Release\release\datafiles\splash.png.c">
      <Filter>Generated</Filter>
    </ClCompile>
    <ClCompile Include="C:\blender-git\build_windows_x64_vc17_Release\release\datafiles\alert_icons.png.c">
      <Filter>Generated</Filter>
    </ClCompile>
    <ClCompile Include="C:\blender-git\build_windows_x64_vc17_Release\release\datafiles\blender_logo.png.c">
      <Filter>Generated</Filter>
    </ClCompile>
    <ClCompile Include="C:\blender-git\build_windows_x64_vc17_Release\release\datafiles\blender_icons16.png.c">
      <Filter>Source Files</Filter>
    </ClCompile>
    <ClCompile Include="C:\blender-git\build_windows_x64_vc17_Release\release\datafiles\blender_icons32.png.c">
      <Filter>Source Files</Filter>
    </ClCompile>
    <ClCompile Include="C:\blender-git\build_windows_x64_vc17_Release\release\datafiles\prvicons.png.c">
      <Filter>Generated</Filter>
    </ClCompile>
    <ClCompile Include="C:\blender-git\build_windows_x64_vc17_Release\release\datafiles\brushicons\blob.png.c">
      <Filter>Generated</Filter>
    </ClCompile>
    <ClCompile Include="C:\blender-git\build_windows_x64_vc17_Release\release\datafiles\brushicons\blur.png.c">
      <Filter>Generated</Filter>
    </ClCompile>
    <ClCompile Include="C:\blender-git\build_windows_x64_vc17_Release\release\datafiles\brushicons\clay.png.c">
      <Filter>Generated</Filter>
    </ClCompile>
    <ClCompile Include="C:\blender-git\build_windows_x64_vc17_Release\release\datafiles\brushicons\claystrips.png.c">
      <Filter>Generated</Filter>
    </ClCompile>
    <ClCompile Include="C:\blender-git\build_windows_x64_vc17_Release\release\datafiles\brushicons\clone.png.c">
      <Filter>Generated</Filter>
    </ClCompile>
    <ClCompile Include="C:\blender-git\build_windows_x64_vc17_Release\release\datafiles\brushicons\crease.png.c">
      <Filter>Generated</Filter>
    </ClCompile>
    <ClCompile Include="C:\blender-git\build_windows_x64_vc17_Release\release\datafiles\brushicons\draw.png.c">
      <Filter>Generated</Filter>
    </ClCompile>
    <ClCompile Include="C:\blender-git\build_windows_x64_vc17_Release\release\datafiles\brushicons\fill.png.c">
      <Filter>Generated</Filter>
    </ClCompile>
    <ClCompile Include="C:\blender-git\build_windows_x64_vc17_Release\release\datafiles\brushicons\flatten.png.c">
      <Filter>Generated</Filter>
    </ClCompile>
    <ClCompile Include="C:\blender-git\build_windows_x64_vc17_Release\release\datafiles\brushicons\grab.png.c">
      <Filter>Generated</Filter>
    </ClCompile>
    <ClCompile Include="C:\blender-git\build_windows_x64_vc17_Release\release\datafiles\brushicons\inflate.png.c">
      <Filter>Generated</Filter>
    </ClCompile>
    <ClCompile Include="C:\blender-git\build_windows_x64_vc17_Release\release\datafiles\brushicons\layer.png.c">
      <Filter>Generated</Filter>
    </ClCompile>
    <ClCompile Include="C:\blender-git\build_windows_x64_vc17_Release\release\datafiles\brushicons\mask.png.c">
      <Filter>Generated</Filter>
    </ClCompile>
    <ClCompile Include="C:\blender-git\build_windows_x64_vc17_Release\release\datafiles\brushicons\mix.png.c">
      <Filter>Generated</Filter>
    </ClCompile>
    <ClCompile Include="C:\blender-git\build_windows_x64_vc17_Release\release\datafiles\brushicons\nudge.png.c">
      <Filter>Generated</Filter>
    </ClCompile>
    <ClCompile Include="C:\blender-git\build_windows_x64_vc17_Release\release\datafiles\brushicons\paint_select.png.c">
      <Filter>Generated</Filter>
    </ClCompile>
    <ClCompile Include="C:\blender-git\build_windows_x64_vc17_Release\release\datafiles\brushicons\pinch.png.c">
      <Filter>Generated</Filter>
    </ClCompile>
    <ClCompile Include="C:\blender-git\build_windows_x64_vc17_Release\release\datafiles\brushicons\scrape.png.c">
      <Filter>Generated</Filter>
    </ClCompile>
    <ClCompile Include="C:\blender-git\build_windows_x64_vc17_Release\release\datafiles\brushicons\smear.png.c">
      <Filter>Generated</Filter>
    </ClCompile>
    <ClCompile Include="C:\blender-git\build_windows_x64_vc17_Release\release\datafiles\brushicons\smooth.png.c">
      <Filter>Generated</Filter>
    </ClCompile>
    <ClCompile Include="C:\blender-git\build_windows_x64_vc17_Release\release\datafiles\brushicons\snake_hook.png.c">
      <Filter>Generated</Filter>
    </ClCompile>
    <ClCompile Include="C:\blender-git\build_windows_x64_vc17_Release\release\datafiles\brushicons\soften.png.c">
      <Filter>Generated</Filter>
    </ClCompile>
    <ClCompile Include="C:\blender-git\build_windows_x64_vc17_Release\release\datafiles\brushicons\texdraw.png.c">
      <Filter>Generated</Filter>
    </ClCompile>
    <ClCompile Include="C:\blender-git\build_windows_x64_vc17_Release\release\datafiles\brushicons\texfill.png.c">
      <Filter>Generated</Filter>
    </ClCompile>
    <ClCompile Include="C:\blender-git\build_windows_x64_vc17_Release\release\datafiles\brushicons\texmask.png.c">
      <Filter>Generated</Filter>
    </ClCompile>
    <ClCompile Include="C:\blender-git\build_windows_x64_vc17_Release\release\datafiles\brushicons\thumb.png.c">
      <Filter>Generated</Filter>
    </ClCompile>
    <ClCompile Include="C:\blender-git\build_windows_x64_vc17_Release\release\datafiles\brushicons\twist.png.c">
      <Filter>Generated</Filter>
    </ClCompile>
    <ClCompile Include="C:\blender-git\build_windows_x64_vc17_Release\release\datafiles\brushicons\gp_brush_smooth.png.c">
      <Filter>Generated</Filter>
    </ClCompile>
    <ClCompile Include="C:\blender-git\build_windows_x64_vc17_Release\release\datafiles\brushicons\gp_brush_thickness.png.c">
      <Filter>Generated</Filter>
    </ClCompile>
    <ClCompile Include="C:\blender-git\build_windows_x64_vc17_Release\release\datafiles\brushicons\gp_brush_strength.png.c">
      <Filter>Generated</Filter>
    </ClCompile>
    <ClCompile Include="C:\blender-git\build_windows_x64_vc17_Release\release\datafiles\brushicons\gp_brush_grab.png.c">
      <Filter>Generated</Filter>
    </ClCompile>
    <ClCompile Include="C:\blender-git\build_windows_x64_vc17_Release\release\datafiles\brushicons\gp_brush_push.png.c">
      <Filter>Generated</Filter>
    </ClCompile>
    <ClCompile Include="C:\blender-git\build_windows_x64_vc17_Release\release\datafiles\brushicons\gp_brush_twist.png.c">
      <Filter>Generated</Filter>
    </ClCompile>
    <ClCompile Include="C:\blender-git\build_windows_x64_vc17_Release\release\datafiles\brushicons\gp_brush_pinch.png.c">
      <Filter>Generated</Filter>
    </ClCompile>
    <ClCompile Include="C:\blender-git\build_windows_x64_vc17_Release\release\datafiles\brushicons\gp_brush_randomize.png.c">
      <Filter>Generated</Filter>
    </ClCompile>
    <ClCompile Include="C:\blender-git\build_windows_x64_vc17_Release\release\datafiles\brushicons\gp_brush_clone.png.c">
      <Filter>Generated</Filter>
    </ClCompile>
    <ClCompile Include="C:\blender-git\build_windows_x64_vc17_Release\release\datafiles\brushicons\gp_brush_weight.png.c">
      <Filter>Generated</Filter>
    </ClCompile>
    <ClCompile Include="C:\blender-git\build_windows_x64_vc17_Release\release\datafiles\brushicons\gp_brush_pencil.png.c">
      <Filter>Generated</Filter>
    </ClCompile>
    <ClCompile Include="C:\blender-git\build_windows_x64_vc17_Release\release\datafiles\brushicons\gp_brush_pen.png.c">
      <Filter>Generated</Filter>
    </ClCompile>
    <ClCompile Include="C:\blender-git\build_windows_x64_vc17_Release\release\datafiles\brushicons\gp_brush_ink.png.c">
      <Filter>Generated</Filter>
    </ClCompile>
    <ClCompile Include="C:\blender-git\build_windows_x64_vc17_Release\release\datafiles\brushicons\gp_brush_inknoise.png.c">
      <Filter>Generated</Filter>
    </ClCompile>
    <ClCompile Include="C:\blender-git\build_windows_x64_vc17_Release\release\datafiles\brushicons\gp_brush_block.png.c">
      <Filter>Generated</Filter>
    </ClCompile>
    <ClCompile Include="C:\blender-git\build_windows_x64_vc17_Release\release\datafiles\brushicons\gp_brush_marker.png.c">
      <Filter>Generated</Filter>
    </ClCompile>
    <ClCompile Include="C:\blender-git\build_windows_x64_vc17_Release\release\datafiles\brushicons\gp_brush_fill.png.c">
      <Filter>Generated</Filter>
    </ClCompile>
    <ClCompile Include="C:\blender-git\build_windows_x64_vc17_Release\release\datafiles\brushicons\gp_brush_airbrush.png.c">
      <Filter>Generated</Filter>
    </ClCompile>
    <ClCompile Include="C:\blender-git\build_windows_x64_vc17_Release\release\datafiles\brushicons\gp_brush_chisel.png.c">
      <Filter>Generated</Filter>
    </ClCompile>
    <ClCompile Include="C:\blender-git\build_windows_x64_vc17_Release\release\datafiles\brushicons\gp_brush_erase_soft.png.c">
      <Filter>Generated</Filter>
    </ClCompile>
    <ClCompile Include="C:\blender-git\build_windows_x64_vc17_Release\release\datafiles\brushicons\gp_brush_erase_hard.png.c">
      <Filter>Generated</Filter>
    </ClCompile>
    <ClCompile Include="C:\blender-git\build_windows_x64_vc17_Release\release\datafiles\brushicons\gp_brush_erase_stroke.png.c">
      <Filter>Generated</Filter>
    </ClCompile>
    <ClCompile Include="C:\blender-git\build_windows_x64_vc17_Release\release\datafiles\brushicons\curves_sculpt_add.png.c">
      <Filter>Generated</Filter>
    </ClCompile>
    <ClCompile Include="C:\blender-git\build_windows_x64_vc17_Release\release\datafiles\brushicons\curves_sculpt_comb.png.c">
      <Filter>Generated</Filter>
    </ClCompile>
    <ClCompile Include="C:\blender-git\build_windows_x64_vc17_Release\release\datafiles\brushicons\curves_sculpt_cut.png.c">
      <Filter>Generated</Filter>
    </ClCompile>
    <ClCompile Include="C:\blender-git\build_windows_x64_vc17_Release\release\datafiles\brushicons\curves_sculpt_delete.png.c">
      <Filter>Generated</Filter>
    </ClCompile>
    <ClCompile Include="C:\blender-git\build_windows_x64_vc17_Release\release\datafiles\brushicons\curves_sculpt_density.png.c">
      <Filter>Generated</Filter>
    </ClCompile>
    <ClCompile Include="C:\blender-git\build_windows_x64_vc17_Release\release\datafiles\brushicons\curves_sculpt_grow_shrink.png.c">
      <Filter>Generated</Filter>
    </ClCompile>
    <ClCompile Include="C:\blender-git\build_windows_x64_vc17_Release\release\datafiles\brushicons\curves_sculpt_pinch.png.c">
      <Filter>Generated</Filter>
    </ClCompile>
    <ClCompile Include="C:\blender-git\build_windows_x64_vc17_Release\release\datafiles\brushicons\curves_sculpt_puff.png.c">
      <Filter>Generated</Filter>
    </ClCompile>
    <ClCompile Include="C:\blender-git\build_windows_x64_vc17_Release\release\datafiles\brushicons\curves_sculpt_slide.png.c">
      <Filter>Generated</Filter>
    </ClCompile>
    <ClCompile Include="C:\blender-git\build_windows_x64_vc17_Release\release\datafiles\brushicons\curves_sculpt_smooth.png.c">
      <Filter>Generated</Filter>
    </ClCompile>
    <ClCompile Include="C:\blender-git\build_windows_x64_vc17_Release\release\datafiles\brushicons\curves_sculpt_snake_hook.png.c">
      <Filter>Generated</Filter>
    </ClCompile>
    <ClCompile Include="C:\blender-git\build_windows_x64_vc17_Release\release\datafiles\startup.blend.c">
      <Filter>Generated</Filter>
    </ClCompile>
  </ItemGroup>
  <ItemGroup>
    <CustomBuild Include="C:\blender-git\build_windows_x64_vc17_Release\CMakeFiles\09e4b17e24a7b147dfdf6fe8e2e2a20d\bfont.pfb.c.rule">
      <Filter>CMake Rules</Filter>
    </CustomBuild>
    <CustomBuild Include="C:\blender-git\build_windows_x64_vc17_Release\CMakeFiles\09e4b17e24a7b147dfdf6fe8e2e2a20d\preview.blend.c.rule">
      <Filter>CMake Rules</Filter>
    </CustomBuild>
    <CustomBuild Include="C:\blender-git\build_windows_x64_vc17_Release\CMakeFiles\09e4b17e24a7b147dfdf6fe8e2e2a20d\preview_grease_pencil.blend.c.rule">
      <Filter>CMake Rules</Filter>
    </CustomBuild>
    <CustomBuild Include="C:\blender-git\build_windows_x64_vc17_Release\CMakeFiles\09e4b17e24a7b147dfdf6fe8e2e2a20d\splash.png.c.rule">
      <Filter>CMake Rules</Filter>
    </CustomBuild>
    <CustomBuild Include="C:\blender-git\build_windows_x64_vc17_Release\CMakeFiles\09e4b17e24a7b147dfdf6fe8e2e2a20d\alert_icons.png.c.rule">
      <Filter>CMake Rules</Filter>
    </CustomBuild>
    <CustomBuild Include="C:\blender-git\build_windows_x64_vc17_Release\CMakeFiles\09e4b17e24a7b147dfdf6fe8e2e2a20d\blender_logo.png.c.rule">
      <Filter>CMake Rules</Filter>
    </CustomBuild>
    <CustomBuild Include="C:\blender-git\build_windows_x64_vc17_Release\CMakeFiles\09e4b17e24a7b147dfdf6fe8e2e2a20d\blender_icons16.png.rule">
      <Filter>CMake Rules</Filter>
    </CustomBuild>
    <CustomBuild Include="C:\blender-git\build_windows_x64_vc17_Release\CMakeFiles\09e4b17e24a7b147dfdf6fe8e2e2a20d\blender_icons32.png.rule">
      <Filter>CMake Rules</Filter>
    </CustomBuild>
    <CustomBuild Include="C:\blender-git\build_windows_x64_vc17_Release\CMakeFiles\09e4b17e24a7b147dfdf6fe8e2e2a20d\prvicons.png.c.rule">
      <Filter>CMake Rules</Filter>
    </CustomBuild>
    <CustomBuild Include="C:\blender-git\build_windows_x64_vc17_Release\CMakeFiles\9811c02a3572fd451e64c9aabc69049f\blob.png.c.rule">
      <Filter>CMake Rules</Filter>
    </CustomBuild>
    <CustomBuild Include="C:\blender-git\build_windows_x64_vc17_Release\CMakeFiles\9811c02a3572fd451e64c9aabc69049f\blur.png.c.rule">
      <Filter>CMake Rules</Filter>
    </CustomBuild>
    <CustomBuild Include="C:\blender-git\build_windows_x64_vc17_Release\CMakeFiles\9811c02a3572fd451e64c9aabc69049f\clay.png.c.rule">
      <Filter>CMake Rules</Filter>
    </CustomBuild>
    <CustomBuild Include="C:\blender-git\build_windows_x64_vc17_Release\CMakeFiles\9811c02a3572fd451e64c9aabc69049f\claystrips.png.c.rule">
      <Filter>CMake Rules</Filter>
    </CustomBuild>
    <CustomBuild Include="C:\blender-git\build_windows_x64_vc17_Release\CMakeFiles\9811c02a3572fd451e64c9aabc69049f\clone.png.c.rule">
      <Filter>CMake Rules</Filter>
    </CustomBuild>
    <CustomBuild Include="C:\blender-git\build_windows_x64_vc17_Release\CMakeFiles\9811c02a3572fd451e64c9aabc69049f\crease.png.c.rule">
      <Filter>CMake Rules</Filter>
    </CustomBuild>
    <CustomBuild Include="C:\blender-git\build_windows_x64_vc17_Release\CMakeFiles\9811c02a3572fd451e64c9aabc69049f\draw.png.c.rule">
      <Filter>CMake Rules</Filter>
    </CustomBuild>
    <CustomBuild Include="C:\blender-git\build_windows_x64_vc17_Release\CMakeFiles\9811c02a3572fd451e64c9aabc69049f\fill.png.c.rule">
      <Filter>CMake Rules</Filter>
    </CustomBuild>
    <CustomBuild Include="C:\blender-git\build_windows_x64_vc17_Release\CMakeFiles\9811c02a3572fd451e64c9aabc69049f\flatten.png.c.rule">
      <Filter>CMake Rules</Filter>
    </CustomBuild>
    <CustomBuild Include="C:\blender-git\build_windows_x64_vc17_Release\CMakeFiles\9811c02a3572fd451e64c9aabc69049f\grab.png.c.rule">
      <Filter>CMake Rules</Filter>
    </CustomBuild>
    <CustomBuild Include="C:\blender-git\build_windows_x64_vc17_Release\CMakeFiles\9811c02a3572fd451e64c9aabc69049f\inflate.png.c.rule">
      <Filter>CMake Rules</Filter>
    </CustomBuild>
    <CustomBuild Include="C:\blender-git\build_windows_x64_vc17_Release\CMakeFiles\9811c02a3572fd451e64c9aabc69049f\layer.png.c.rule">
      <Filter>CMake Rules</Filter>
    </CustomBuild>
    <CustomBuild Include="C:\blender-git\build_windows_x64_vc17_Release\CMakeFiles\9811c02a3572fd451e64c9aabc69049f\mask.png.c.rule">
      <Filter>CMake Rules</Filter>
    </CustomBuild>
    <CustomBuild Include="C:\blender-git\build_windows_x64_vc17_Release\CMakeFiles\9811c02a3572fd451e64c9aabc69049f\mix.png.c.rule">
      <Filter>CMake Rules</Filter>
    </CustomBuild>
    <CustomBuild Include="C:\blender-git\build_windows_x64_vc17_Release\CMakeFiles\9811c02a3572fd451e64c9aabc69049f\nudge.png.c.rule">
      <Filter>CMake Rules</Filter>
    </CustomBuild>
    <CustomBuild Include="C:\blender-git\build_windows_x64_vc17_Release\CMakeFiles\9811c02a3572fd451e64c9aabc69049f\paint_select.png.c.rule">
      <Filter>CMake Rules</Filter>
    </CustomBuild>
    <CustomBuild Include="C:\blender-git\build_windows_x64_vc17_Release\CMakeFiles\9811c02a3572fd451e64c9aabc69049f\pinch.png.c.rule">
      <Filter>CMake Rules</Filter>
    </CustomBuild>
    <CustomBuild Include="C:\blender-git\build_windows_x64_vc17_Release\CMakeFiles\9811c02a3572fd451e64c9aabc69049f\scrape.png.c.rule">
      <Filter>CMake Rules</Filter>
    </CustomBuild>
    <CustomBuild Include="C:\blender-git\build_windows_x64_vc17_Release\CMakeFiles\9811c02a3572fd451e64c9aabc69049f\smear.png.c.rule">
      <Filter>CMake Rules</Filter>
    </CustomBuild>
    <CustomBuild Include="C:\blender-git\build_windows_x64_vc17_Release\CMakeFiles\9811c02a3572fd451e64c9aabc69049f\smooth.png.c.rule">
      <Filter>CMake Rules</Filter>
    </CustomBuild>
    <CustomBuild Include="C:\blender-git\build_windows_x64_vc17_Release\CMakeFiles\9811c02a3572fd451e64c9aabc69049f\snake_hook.png.c.rule">
      <Filter>CMake Rules</Filter>
    </CustomBuild>
    <CustomBuild Include="C:\blender-git\build_windows_x64_vc17_Release\CMakeFiles\9811c02a3572fd451e64c9aabc69049f\soften.png.c.rule">
      <Filter>CMake Rules</Filter>
    </CustomBuild>
    <CustomBuild Include="C:\blender-git\build_windows_x64_vc17_Release\CMakeFiles\9811c02a3572fd451e64c9aabc69049f\texdraw.png.c.rule">
      <Filter>CMake Rules</Filter>
    </CustomBuild>
    <CustomBuild Include="C:\blender-git\build_windows_x64_vc17_Release\CMakeFiles\9811c02a3572fd451e64c9aabc69049f\texfill.png.c.rule">
      <Filter>CMake Rules</Filter>
    </CustomBuild>
    <CustomBuild Include="C:\blender-git\build_windows_x64_vc17_Release\CMakeFiles\9811c02a3572fd451e64c9aabc69049f\texmask.png.c.rule">
      <Filter>CMake Rules</Filter>
    </CustomBuild>
    <CustomBuild Include="C:\blender-git\build_windows_x64_vc17_Release\CMakeFiles\9811c02a3572fd451e64c9aabc69049f\thumb.png.c.rule">
      <Filter>CMake Rules</Filter>
    </CustomBuild>
    <CustomBuild Include="C:\blender-git\build_windows_x64_vc17_Release\CMakeFiles\9811c02a3572fd451e64c9aabc69049f\twist.png.c.rule">
      <Filter>CMake Rules</Filter>
    </CustomBuild>
    <CustomBuild Include="C:\blender-git\build_windows_x64_vc17_Release\CMakeFiles\9811c02a3572fd451e64c9aabc69049f\gp_brush_smooth.png.c.rule">
      <Filter>CMake Rules</Filter>
    </CustomBuild>
    <CustomBuild Include="C:\blender-git\build_windows_x64_vc17_Release\CMakeFiles\9811c02a3572fd451e64c9aabc69049f\gp_brush_thickness.png.c.rule">
      <Filter>CMake Rules</Filter>
    </CustomBuild>
    <CustomBuild Include="C:\blender-git\build_windows_x64_vc17_Release\CMakeFiles\9811c02a3572fd451e64c9aabc69049f\gp_brush_strength.png.c.rule">
      <Filter>CMake Rules</Filter>
    </CustomBuild>
    <CustomBuild Include="C:\blender-git\build_windows_x64_vc17_Release\CMakeFiles\9811c02a3572fd451e64c9aabc69049f\gp_brush_grab.png.c.rule">
      <Filter>CMake Rules</Filter>
    </CustomBuild>
    <CustomBuild Include="C:\blender-git\build_windows_x64_vc17_Release\CMakeFiles\9811c02a3572fd451e64c9aabc69049f\gp_brush_push.png.c.rule">
      <Filter>CMake Rules</Filter>
    </CustomBuild>
    <CustomBuild Include="C:\blender-git\build_windows_x64_vc17_Release\CMakeFiles\9811c02a3572fd451e64c9aabc69049f\gp_brush_twist.png.c.rule">
      <Filter>CMake Rules</Filter>
    </CustomBuild>
    <CustomBuild Include="C:\blender-git\build_windows_x64_vc17_Release\CMakeFiles\9811c02a3572fd451e64c9aabc69049f\gp_brush_pinch.png.c.rule">
      <Filter>CMake Rules</Filter>
    </CustomBuild>
    <CustomBuild Include="C:\blender-git\build_windows_x64_vc17_Release\CMakeFiles\9811c02a3572fd451e64c9aabc69049f\gp_brush_randomize.png.c.rule">
      <Filter>CMake Rules</Filter>
    </CustomBuild>
    <CustomBuild Include="C:\blender-git\build_windows_x64_vc17_Release\CMakeFiles\9811c02a3572fd451e64c9aabc69049f\gp_brush_clone.png.c.rule">
      <Filter>CMake Rules</Filter>
    </CustomBuild>
    <CustomBuild Include="C:\blender-git\build_windows_x64_vc17_Release\CMakeFiles\9811c02a3572fd451e64c9aabc69049f\gp_brush_weight.png.c.rule">
      <Filter>CMake Rules</Filter>
    </CustomBuild>
    <CustomBuild Include="C:\blender-git\build_windows_x64_vc17_Release\CMakeFiles\9811c02a3572fd451e64c9aabc69049f\gp_brush_pencil.png.c.rule">
      <Filter>CMake Rules</Filter>
    </CustomBuild>
    <CustomBuild Include="C:\blender-git\build_windows_x64_vc17_Release\CMakeFiles\9811c02a3572fd451e64c9aabc69049f\gp_brush_pen.png.c.rule">
      <Filter>CMake Rules</Filter>
    </CustomBuild>
    <CustomBuild Include="C:\blender-git\build_windows_x64_vc17_Release\CMakeFiles\9811c02a3572fd451e64c9aabc69049f\gp_brush_ink.png.c.rule">
      <Filter>CMake Rules</Filter>
    </CustomBuild>
    <CustomBuild Include="C:\blender-git\build_windows_x64_vc17_Release\CMakeFiles\9811c02a3572fd451e64c9aabc69049f\gp_brush_inknoise.png.c.rule">
      <Filter>CMake Rules</Filter>
    </CustomBuild>
    <CustomBuild Include="C:\blender-git\build_windows_x64_vc17_Release\CMakeFiles\9811c02a3572fd451e64c9aabc69049f\gp_brush_block.png.c.rule">
      <Filter>CMake Rules</Filter>
    </CustomBuild>
    <CustomBuild Include="C:\blender-git\build_windows_x64_vc17_Release\CMakeFiles\9811c02a3572fd451e64c9aabc69049f\gp_brush_marker.png.c.rule">
      <Filter>CMake Rules</Filter>
    </CustomBuild>
    <CustomBuild Include="C:\blender-git\build_windows_x64_vc17_Release\CMakeFiles\9811c02a3572fd451e64c9aabc69049f\gp_brush_fill.png.c.rule">
      <Filter>CMake Rules</Filter>
    </CustomBuild>
    <CustomBuild Include="C:\blender-git\build_windows_x64_vc17_Release\CMakeFiles\9811c02a3572fd451e64c9aabc69049f\gp_brush_airbrush.png.c.rule">
      <Filter>CMake Rules</Filter>
    </CustomBuild>
    <CustomBuild Include="C:\blender-git\build_windows_x64_vc17_Release\CMakeFiles\9811c02a3572fd451e64c9aabc69049f\gp_brush_chisel.png.c.rule">
      <Filter>CMake Rules</Filter>
    </CustomBuild>
    <CustomBuild Include="C:\blender-git\build_windows_x64_vc17_Release\CMakeFiles\9811c02a3572fd451e64c9aabc69049f\gp_brush_erase_soft.png.c.rule">
      <Filter>CMake Rules</Filter>
    </CustomBuild>
    <CustomBuild Include="C:\blender-git\build_windows_x64_vc17_Release\CMakeFiles\9811c02a3572fd451e64c9aabc69049f\gp_brush_erase_hard.png.c.rule">
      <Filter>CMake Rules</Filter>
    </CustomBuild>
    <CustomBuild Include="C:\blender-git\build_windows_x64_vc17_Release\CMakeFiles\9811c02a3572fd451e64c9aabc69049f\gp_brush_erase_stroke.png.c.rule">
      <Filter>CMake Rules</Filter>
    </CustomBuild>
    <CustomBuild Include="C:\blender-git\build_windows_x64_vc17_Release\CMakeFiles\9811c02a3572fd451e64c9aabc69049f\curves_sculpt_add.png.c.rule">
      <Filter>CMake Rules</Filter>
    </CustomBuild>
    <CustomBuild Include="C:\blender-git\build_windows_x64_vc17_Release\CMakeFiles\9811c02a3572fd451e64c9aabc69049f\curves_sculpt_comb.png.c.rule">
      <Filter>CMake Rules</Filter>
    </CustomBuild>
    <CustomBuild Include="C:\blender-git\build_windows_x64_vc17_Release\CMakeFiles\9811c02a3572fd451e64c9aabc69049f\curves_sculpt_cut.png.c.rule">
      <Filter>CMake Rules</Filter>
    </CustomBuild>
    <CustomBuild Include="C:\blender-git\build_windows_x64_vc17_Release\CMakeFiles\9811c02a3572fd451e64c9aabc69049f\curves_sculpt_delete.png.c.rule">
      <Filter>CMake Rules</Filter>
    </CustomBuild>
    <CustomBuild Include="C:\blender-git\build_windows_x64_vc17_Release\CMakeFiles\9811c02a3572fd451e64c9aabc69049f\curves_sculpt_density.png.c.rule">
      <Filter>CMake Rules</Filter>
    </CustomBuild>
    <CustomBuild Include="C:\blender-git\build_windows_x64_vc17_Release\CMakeFiles\9811c02a3572fd451e64c9aabc69049f\curves_sculpt_grow_shrink.png.c.rule">
      <Filter>CMake Rules</Filter>
    </CustomBuild>
    <CustomBuild Include="C:\blender-git\build_windows_x64_vc17_Release\CMakeFiles\9811c02a3572fd451e64c9aabc69049f\curves_sculpt_pinch.png.c.rule">
      <Filter>CMake Rules</Filter>
    </CustomBuild>
    <CustomBuild Include="C:\blender-git\build_windows_x64_vc17_Release\CMakeFiles\9811c02a3572fd451e64c9aabc69049f\curves_sculpt_puff.png.c.rule">
      <Filter>CMake Rules</Filter>
    </CustomBuild>
    <CustomBuild Include="C:\blender-git\build_windows_x64_vc17_Release\CMakeFiles\9811c02a3572fd451e64c9aabc69049f\curves_sculpt_slide.png.c.rule">
      <Filter>CMake Rules</Filter>
    </CustomBuild>
    <CustomBuild Include="C:\blender-git\build_windows_x64_vc17_Release\CMakeFiles\9811c02a3572fd451e64c9aabc69049f\curves_sculpt_smooth.png.c.rule">
      <Filter>CMake Rules</Filter>
    </CustomBuild>
    <CustomBuild Include="C:\blender-git\build_windows_x64_vc17_Release\CMakeFiles\9811c02a3572fd451e64c9aabc69049f\curves_sculpt_snake_hook.png.c.rule">
      <Filter>CMake Rules</Filter>
    </CustomBuild>
    <CustomBuild Include="C:\blender-git\build_windows_x64_vc17_Release\CMakeFiles\09e4b17e24a7b147dfdf6fe8e2e2a20d\startup.blend.c.rule">
      <Filter>CMake Rules</Filter>
    </CustomBuild>
    <CustomBuild Include="C:\blender-git\blender\source\blender\editors\datafiles\CMakeLists.txt" />
  </ItemGroup>
  <ItemGroup>
    <Image Include="C:\blender-git\blender\release\datafiles\splash.png">
      <Filter>Resources</Filter>
    </Image>
    <Image Include="C:\blender-git\blender\release\datafiles\alert_icons.png">
      <Filter>Resources</Filter>
    </Image>
    <Image Include="C:\blender-git\blender\release\datafiles\blender_logo.png">
      <Filter>Resources</Filter>
    </Image>
    <Image Include="C:\blender-git\blender\release\datafiles\prvicons.png">
      <Filter>Resources</Filter>
    </Image>
    <Image Include="C:\blender-git\blender\release\datafiles\brushicons\blob.png">
      <Filter>Resources</Filter>
    </Image>
    <Image Include="C:\blender-git\blender\release\datafiles\brushicons\blur.png">
      <Filter>Resources</Filter>
    </Image>
    <Image Include="C:\blender-git\blender\release\datafiles\brushicons\clay.png">
      <Filter>Resources</Filter>
    </Image>
    <Image Include="C:\blender-git\blender\release\datafiles\brushicons\claystrips.png">
      <Filter>Resources</Filter>
    </Image>
    <Image Include="C:\blender-git\blender\release\datafiles\brushicons\clone.png">
      <Filter>Resources</Filter>
    </Image>
    <Image Include="C:\blender-git\blender\release\datafiles\brushicons\crease.png">
      <Filter>Resources</Filter>
    </Image>
    <Image Include="C:\blender-git\blender\release\datafiles\brushicons\draw.png">
      <Filter>Resources</Filter>
    </Image>
    <Image Include="C:\blender-git\blender\release\datafiles\brushicons\fill.png">
      <Filter>Resources</Filter>
    </Image>
    <Image Include="C:\blender-git\blender\release\datafiles\brushicons\flatten.png">
      <Filter>Resources</Filter>
    </Image>
    <Image Include="C:\blender-git\blender\release\datafiles\brushicons\grab.png">
      <Filter>Resources</Filter>
    </Image>
    <Image Include="C:\blender-git\blender\release\datafiles\brushicons\inflate.png">
      <Filter>Resources</Filter>
    </Image>
    <Image Include="C:\blender-git\blender\release\datafiles\brushicons\layer.png">
      <Filter>Resources</Filter>
    </Image>
    <Image Include="C:\blender-git\blender\release\datafiles\brushicons\mask.png">
      <Filter>Resources</Filter>
    </Image>
    <Image Include="C:\blender-git\blender\release\datafiles\brushicons\mix.png">
      <Filter>Resources</Filter>
    </Image>
    <Image Include="C:\blender-git\blender\release\datafiles\brushicons\nudge.png">
      <Filter>Resources</Filter>
    </Image>
    <Image Include="C:\blender-git\blender\release\datafiles\brushicons\paint_select.png">
      <Filter>Resources</Filter>
    </Image>
    <Image Include="C:\blender-git\blender\release\datafiles\brushicons\pinch.png">
      <Filter>Resources</Filter>
    </Image>
    <Image Include="C:\blender-git\blender\release\datafiles\brushicons\scrape.png">
      <Filter>Resources</Filter>
    </Image>
    <Image Include="C:\blender-git\blender\release\datafiles\brushicons\smear.png">
      <Filter>Resources</Filter>
    </Image>
    <Image Include="C:\blender-git\blender\release\datafiles\brushicons\smooth.png">
      <Filter>Resources</Filter>
    </Image>
    <Image Include="C:\blender-git\blender\release\datafiles\brushicons\snake_hook.png">
      <Filter>Resources</Filter>
    </Image>
    <Image Include="C:\blender-git\blender\release\datafiles\brushicons\soften.png">
      <Filter>Resources</Filter>
    </Image>
    <Image Include="C:\blender-git\blender\release\datafiles\brushicons\texdraw.png">
      <Filter>Resources</Filter>
    </Image>
    <Image Include="C:\blender-git\blender\release\datafiles\brushicons\texfill.png">
      <Filter>Resources</Filter>
    </Image>
    <Image Include="C:\blender-git\blender\release\datafiles\brushicons\texmask.png">
      <Filter>Resources</Filter>
    </Image>
    <Image Include="C:\blender-git\blender\release\datafiles\brushicons\thumb.png">
      <Filter>Resources</Filter>
    </Image>
    <Image Include="C:\blender-git\blender\release\datafiles\brushicons\twist.png">
      <Filter>Resources</Filter>
    </Image>
    <Image Include="C:\blender-git\blender\release\datafiles\brushicons\gp_brush_smooth.png">
      <Filter>Resources</Filter>
    </Image>
    <Image Include="C:\blender-git\blender\release\datafiles\brushicons\gp_brush_thickness.png">
      <Filter>Resources</Filter>
    </Image>
    <Image Include="C:\blender-git\blender\release\datafiles\brushicons\gp_brush_strength.png">
      <Filter>Resources</Filter>
    </Image>
    <Image Include="C:\blender-git\blender\release\datafiles\brushicons\gp_brush_grab.png">
      <Filter>Resources</Filter>
    </Image>
    <Image Include="C:\blender-git\blender\release\datafiles\brushicons\gp_brush_push.png">
      <Filter>Resources</Filter>
    </Image>
    <Image Include="C:\blender-git\blender\release\datafiles\brushicons\gp_brush_twist.png">
      <Filter>Resources</Filter>
    </Image>
    <Image Include="C:\blender-git\blender\release\datafiles\brushicons\gp_brush_pinch.png">
      <Filter>Resources</Filter>
    </Image>
    <Image Include="C:\blender-git\blender\release\datafiles\brushicons\gp_brush_randomize.png">
      <Filter>Resources</Filter>
    </Image>
    <Image Include="C:\blender-git\blender\release\datafiles\brushicons\gp_brush_clone.png">
      <Filter>Resources</Filter>
    </Image>
    <Image Include="C:\blender-git\blender\release\datafiles\brushicons\gp_brush_weight.png">
      <Filter>Resources</Filter>
    </Image>
    <Image Include="C:\blender-git\blender\release\datafiles\brushicons\gp_brush_pencil.png">
      <Filter>Resources</Filter>
    </Image>
    <Image Include="C:\blender-git\blender\release\datafiles\brushicons\gp_brush_pen.png">
      <Filter>Resources</Filter>
    </Image>
    <Image Include="C:\blender-git\blender\release\datafiles\brushicons\gp_brush_ink.png">
      <Filter>Resources</Filter>
    </Image>
    <Image Include="C:\blender-git\blender\release\datafiles\brushicons\gp_brush_inknoise.png">
      <Filter>Resources</Filter>
    </Image>
    <Image Include="C:\blender-git\blender\release\datafiles\brushicons\gp_brush_block.png">
      <Filter>Resources</Filter>
    </Image>
    <Image Include="C:\blender-git\blender\release\datafiles\brushicons\gp_brush_marker.png">
      <Filter>Resources</Filter>
    </Image>
    <Image Include="C:\blender-git\blender\release\datafiles\brushicons\gp_brush_fill.png">
      <Filter>Resources</Filter>
    </Image>
    <Image Include="C:\blender-git\blender\release\datafiles\brushicons\gp_brush_airbrush.png">
      <Filter>Resources</Filter>
    </Image>
    <Image Include="C:\blender-git\blender\release\datafiles\brushicons\gp_brush_chisel.png">
      <Filter>Resources</Filter>
    </Image>
    <Image Include="C:\blender-git\blender\release\datafiles\brushicons\gp_brush_erase_soft.png">
      <Filter>Resources</Filter>
    </Image>
    <Image Include="C:\blender-git\blender\release\datafiles\brushicons\gp_brush_erase_hard.png">
      <Filter>Resources</Filter>
    </Image>
    <Image Include="C:\blender-git\blender\release\datafiles\brushicons\gp_brush_erase_stroke.png">
      <Filter>Resources</Filter>
    </Image>
    <Image Include="C:\blender-git\blender\release\datafiles\brushicons\curves_sculpt_add.png">
      <Filter>Resources</Filter>
    </Image>
    <Image Include="C:\blender-git\blender\release\datafiles\brushicons\curves_sculpt_comb.png">
      <Filter>Resources</Filter>
    </Image>
    <Image Include="C:\blender-git\blender\release\datafiles\brushicons\curves_sculpt_cut.png">
      <Filter>Resources</Filter>
    </Image>
    <Image Include="C:\blender-git\blender\release\datafiles\brushicons\curves_sculpt_delete.png">
      <Filter>Resources</Filter>
    </Image>
    <Image Include="C:\blender-git\blender\release\datafiles\brushicons\curves_sculpt_density.png">
      <Filter>Resources</Filter>
    </Image>
    <Image Include="C:\blender-git\blender\release\datafiles\brushicons\curves_sculpt_grow_shrink.png">
      <Filter>Resources</Filter>
    </Image>
    <Image Include="C:\blender-git\blender\release\datafiles\brushicons\curves_sculpt_pinch.png">
      <Filter>Resources</Filter>
    </Image>
    <Image Include="C:\blender-git\blender\release\datafiles\brushicons\curves_sculpt_puff.png">
      <Filter>Resources</Filter>
    </Image>
    <Image Include="C:\blender-git\blender\release\datafiles\brushicons\curves_sculpt_slide.png">
      <Filter>Resources</Filter>
    </Image>
    <Image Include="C:\blender-git\blender\release\datafiles\brushicons\curves_sculpt_smooth.png">
      <Filter>Resources</Filter>
    </Image>
    <Image Include="C:\blender-git\blender\release\datafiles\brushicons\curves_sculpt_snake_hook.png">
      <Filter>Resources</Filter>
    </Image>
  </ItemGroup>
  <ItemGroup>
    <None Include="C:\blender-git\blender\release\datafiles\bfont.pfb" />
    <None Include="C:\blender-git\blender\release\datafiles\preview.blend" />
    <None Include="C:\blender-git\blender\release\datafiles\preview_grease_pencil.blend" />
    <None Include="C:\blender-git\blender\release\datafiles\startup.blend" />
  </ItemGroup>
  <ItemGroup>
    <Filter Include="CMake Rules">
      <UniqueIdentifier>{D15A3CAF-CAB7-3597-833D-3C06FFB91F4D}</UniqueIdentifier>
    </Filter>
    <Filter Include="Generated">
      <UniqueIdentifier>{B27EE685-AFA2-3D3E-9EE3-8CE5933C9197}</UniqueIdentifier>
    </Filter>
    <Filter Include="Resources">
      <UniqueIdentifier>{A2190BF2-971E-3BDA-94AB-E8ADF37DA052}</UniqueIdentifier>
    </Filter>
    <Filter Include="Source Files">
      <UniqueIdentifier>{EC3EFCE8-AD0A-3455-BDD6-6E7F392CC298}</UniqueIdentifier>
    </Filter>
  </ItemGroup>
</Project>
