<?xml version="1.0" encoding="utf-8"?>
<Project ToolsVersion="17.0" xmlns="http://schemas.microsoft.com/developer/msbuild/2003">
  <ItemGroup>
    <CustomBuild Include="C:\blender-git\build_windows_x64_vc17_Release\CMakeFiles\ee41e5b80f1542a4a7c5ff6af9725ff5\PACKAGE_force.rule">
      <Filter>CMake Rules</Filter>
    </CustomBuild>
  </ItemGroup>
  <ItemGroup>
    <Filter Include="CMake Rules">
      <UniqueIdentifier>{D15A3CAF-CAB7-3597-833D-3C06FFB91F4D}</UniqueIdentifier>
    </Filter>
  </ItemGroup>
</Project>
